
Microsoft Visual Studio Solution File, Format Version 12.00
# Visual Studio 15
VisualStudioVersion = 15.0.27703.2026
MinimumVisualStudioVersion = 10.0.40219.1
Project("{FAE04EC0-301F-11D3-BF4B-00C04F79EFBC}") = "Geolocation.Api.Unity", "Geolocation.Api.Unity\Geolocation.Api.Unity.csproj", "{C5C178B2-774D-4643-80A7-288EBA0D1575}"
EndProject
Global
	GlobalSection(SolutionConfigurationPlatforms) = preSolution
		Debug|Any CPU = Debug|Any CPU
		Release|Any CPU = Release|Any CPU
	EndGlobalSection
	GlobalSection(ProjectConfigurationPlatforms) = postSolution
		{C5C178B2-774D-4643-80A7-288EBA0D1575}.Debug|Any CPU.ActiveCfg = Debug|Any CPU
		{C5C178B2-774D-4643-80A7-288EBA0D1575}.Debug|Any CPU.Build.0 = Debug|Any CPU
		{C5C178B2-774D-4643-80A7-288EBA0D1575}.Release|Any CPU.ActiveCfg = Release|Any CPU
		{C5C178B2-774D-4643-80A7-288EBA0D1575}.Release|Any CPU.Build.0 = Release|Any CPU
	EndGlobalSection
	GlobalSection(SolutionProperties) = preSolution
		HideSolutionNode = FALSE
	EndGlobalSection
	GlobalSection(ExtensibilityGlobals) = postSolution
		SolutionGuid = {75324912-1633-43DA-9FB5-D1F22C8D1573}
	EndGlobalSection
EndGlobal
